
Microsoft Visual Studio Solution File, Format Version 12.00
Project("{FAE04EC0-301F-11D3-BF4B-00C04F79EFBC}") = "Bymse.Articles.AppHost", "Bymse.Articles.AppHost\Bymse.Articles.AppHost.csproj", "{712F4820-C8C5-4A31-BC1E-A5D92A8253F3}"
EndProject
Project("{FAE04EC0-301F-11D3-BF4B-00C04F79EFBC}") = "Bymse.Articles.ServiceDefaults", "Bymse.Articles.ServiceDefaults\Bymse.Articles.ServiceDefaults.csproj", "{7D9A7419-DC82-4672-9764-339C6F92B911}"
EndProject
Project("{FAE04EC0-301F-11D3-BF4B-00C04F79EFBC}") = "Bymse.Articles.Apis", "Bymse.Articles.Apis\Bymse.Articles.Apis.csproj", "{49A252B7-FA52-4F15-B171-16C09D65E03A}"
EndProject
Project("{FAE04EC0-301F-11D3-BF4B-00C04F79EFBC}") = "Bymse.Articles.Tests", "Bymse.Articles.Tests\Bymse.Articles.Tests.csproj", "{81B21577-C7A4-4C8D-B1B7-5371E440C48F}"
EndProject
Project("{2150E333-8FDC-42A3-9474-1A3956D46DE8}") = "Identity", "Identity", "{7BEE66F8-B590-4CDD-B63E-F23E74E79D55}"
EndProject
Project("{FAE04EC0-301F-11D3-BF4B-00C04F79EFBC}") = "Identity.Application", "Identity.Application\Identity.Application.csproj", "{E70DC6D6-E62E-4AE9-96D4-AD762510D7A0}"
EndProject
Project("{2150E333-8FDC-42A3-9474-1A3956D46DE8}") = "Shared", "Shared", "{BFC122E0-8C96-4467-8784-01E59D9F2E30}"
EndProject
Project("{FAE04EC0-301F-11D3-BF4B-00C04F79EFBC}") = "Application", "Application\Application.csproj", "{C46F0243-C9D8-456E-88CE-B37700E8D8E8}"
EndProject
Project("{FAE04EC0-301F-11D3-BF4B-00C04F79EFBC}") = "Identity.Infrastructure", "Identity.Infrastructure\Identity.Infrastructure.csproj", "{C50F5507-3562-4B93-A014-8E74790B6AEE}"
EndProject
Project("{FAE04EC0-301F-11D3-BF4B-00C04F79EFBC}") = "Identity.Integration", "Identity.Integration\Identity.Integration.csproj", "{ACBEB16B-079D-4E6B-93CE-1AE2CA82E253}"
EndProject
Project("{FAE04EC0-301F-11D3-BF4B-00C04F79EFBC}") = "Infrastructure", "Infrastructure\Infrastructure.csproj", "{7A83B446-BDD4-4506-A88B-E1C369A2D1C0}"
EndProject
Project("{2150E333-8FDC-42A3-9474-1A3956D46DE8}") = "Collector", "Collector", "{1CAD7DFD-757C-4389-8487-BB0428820BAD}"
EndProject
Project("{FAE04EC0-301F-11D3-BF4B-00C04F79EFBC}") = "Collector.Application", "Collector.Application\Collector.Application.csproj", "{27498FF0-C82F-43D7-98FA-484FDF850CCB}"
EndProject
Project("{FAE04EC0-301F-11D3-BF4B-00C04F79EFBC}") = "Collector.Infrastructure", "Collector.Infrastructure\Collector.Infrastructure.csproj", "{9688F81D-99EB-463C-B642-529D7FCCBED3}"
EndProject
Project("{FAE04EC0-301F-11D3-BF4B-00C04F79EFBC}") = "Collector.Integration", "Collector.Integration\Collector.Integration.csproj", "{5FD850C4-AC26-4995-AF09-13E12E0062E5}"
EndProject
Project("{FAE04EC0-301F-11D3-BF4B-00C04F79EFBC}") = "Integration", "Integration\Integration.csproj", "{36B13B36-5E4B-4446-BE22-5F5922FA4CD6}"
EndProject
Project("{2150E333-8FDC-42A3-9474-1A3956D46DE8}") = "Feeder", "Feeder", "{7E8C4596-0773-4F2F-9E7E-F0490453834F}"
EndProject
Project("{FAE04EC0-301F-11D3-BF4B-00C04F79EFBC}") = "Feeder.Application", "Feeder.Application\Feeder.Application.csproj", "{31764BB1-A38E-4DCA-AD11-02ECAA29985F}"
EndProject
Project("{FAE04EC0-301F-11D3-BF4B-00C04F79EFBC}") = "Feeder.Infrastructure", "Feeder.Infrastructure\Feeder.Infrastructure.csproj", "{B17C7B8D-E383-4502-A602-D624DAB57A6F}"
EndProject
Project("{FAE04EC0-301F-11D3-BF4B-00C04F79EFBC}") = "Bymse.Articles.DbMigrator", "Bymse.Articles.DbMigrator\Bymse.Articles.DbMigrator.csproj", "{835A64C6-7D11-419C-B355-6EB9004EFEE9}"
EndProject
Project("{FAE04EC0-301F-11D3-BF4B-00C04F79EFBC}") = "Bymse.Articles.Workers", "Bymse.Articles.Workers\Bymse.Articles.Workers.csproj", "{F3EAE325-BB4D-47DD-B201-C34B55FA1D36}"
EndProject
Project("{2150E333-8FDC-42A3-9474-1A3956D46DE8}") = "tests", "tests", "{01099D58-8DF0-422D-B888-864A7EBC8A3A}"
EndProject
Project("{FAE04EC0-301F-11D3-BF4B-00C04F79EFBC}") = "Bymse.Articles.Database", "Bymse.Articles.Database\Bymse.Articles.Database.csproj", "{05757376-601A-453B-9A4B-6439ADD85CBA}"
EndProject
Project("{FAE04EC0-301F-11D3-BF4B-00C04F79EFBC}") = "Collector.Tests", "Collector.Tests\Collector.Tests.csproj", "{CD1B6778-4037-49FA-96EC-1AEE00DA8D5F}"
EndProject
Project("{FAE04EC0-301F-11D3-BF4B-00C04F79EFBC}") = "Tests", "Tests\Tests.csproj", "{1CE1F621-28D9-49D3-8B0A-E75EBB1AC3A3}"
EndProject
Project("{2150E333-8FDC-42A3-9474-1A3956D46DE8}") = "Registry", "Registry", "{5CB0B46A-7D27-4B45-9243-575A2546DF68}"
EndProject
Project("{FAE04EC0-301F-11D3-BF4B-00C04F79EFBC}") = "Registry.Integration", "Registry.Integration\Registry.Integration.csproj", "{7B295308-43CE-4E46-87EF-514997ED82BF}"
EndProject
Global
	GlobalSection(SolutionConfigurationPlatforms) = preSolution
		Debug|Any CPU = Debug|Any CPU
		Release|Any CPU = Release|Any CPU
	EndGlobalSection
	GlobalSection(ProjectConfigurationPlatforms) = postSolution
		{712F4820-C8C5-4A31-BC1E-A5D92A8253F3}.Debug|Any CPU.ActiveCfg = Debug|Any CPU
		{712F4820-C8C5-4A31-BC1E-A5D92A8253F3}.Debug|Any CPU.Build.0 = Debug|Any CPU
		{712F4820-C8C5-4A31-BC1E-A5D92A8253F3}.Release|Any CPU.ActiveCfg = Release|Any CPU
		{712F4820-C8C5-4A31-BC1E-A5D92A8253F3}.Release|Any CPU.Build.0 = Release|Any CPU
		{7D9A7419-DC82-4672-9764-339C6F92B911}.Debug|Any CPU.ActiveCfg = Debug|Any CPU
		{7D9A7419-DC82-4672-9764-339C6F92B911}.Debug|Any CPU.Build.0 = Debug|Any CPU
		{7D9A7419-DC82-4672-9764-339C6F92B911}.Release|Any CPU.ActiveCfg = Release|Any CPU
		{7D9A7419-DC82-4672-9764-339C6F92B911}.Release|Any CPU.Build.0 = Release|Any CPU
		{49A252B7-FA52-4F15-B171-16C09D65E03A}.Debug|Any CPU.ActiveCfg = Debug|Any CPU
		{49A252B7-FA52-4F15-B171-16C09D65E03A}.Debug|Any CPU.Build.0 = Debug|Any CPU
		{49A252B7-FA52-4F15-B171-16C09D65E03A}.Release|Any CPU.ActiveCfg = Release|Any CPU
		{49A252B7-FA52-4F15-B171-16C09D65E03A}.Release|Any CPU.Build.0 = Release|Any CPU
		{81B21577-C7A4-4C8D-B1B7-5371E440C48F}.Debug|Any CPU.ActiveCfg = Debug|Any CPU
		{81B21577-C7A4-4C8D-B1B7-5371E440C48F}.Debug|Any CPU.Build.0 = Debug|Any CPU
		{81B21577-C7A4-4C8D-B1B7-5371E440C48F}.Release|Any CPU.ActiveCfg = Release|Any CPU
		{81B21577-C7A4-4C8D-B1B7-5371E440C48F}.Release|Any CPU.Build.0 = Release|Any CPU
		{E70DC6D6-E62E-4AE9-96D4-AD762510D7A0}.Debug|Any CPU.ActiveCfg = Debug|Any CPU
		{E70DC6D6-E62E-4AE9-96D4-AD762510D7A0}.Debug|Any CPU.Build.0 = Debug|Any CPU
		{E70DC6D6-E62E-4AE9-96D4-AD762510D7A0}.Release|Any CPU.ActiveCfg = Release|Any CPU
		{E70DC6D6-E62E-4AE9-96D4-AD762510D7A0}.Release|Any CPU.Build.0 = Release|Any CPU
		{C46F0243-C9D8-456E-88CE-B37700E8D8E8}.Debug|Any CPU.ActiveCfg = Debug|Any CPU
		{C46F0243-C9D8-456E-88CE-B37700E8D8E8}.Debug|Any CPU.Build.0 = Debug|Any CPU
		{C46F0243-C9D8-456E-88CE-B37700E8D8E8}.Release|Any CPU.ActiveCfg = Release|Any CPU
		{C46F0243-C9D8-456E-88CE-B37700E8D8E8}.Release|Any CPU.Build.0 = Release|Any CPU
		{C50F5507-3562-4B93-A014-8E74790B6AEE}.Debug|Any CPU.ActiveCfg = Debug|Any CPU
		{C50F5507-3562-4B93-A014-8E74790B6AEE}.Debug|Any CPU.Build.0 = Debug|Any CPU
		{C50F5507-3562-4B93-A014-8E74790B6AEE}.Release|Any CPU.ActiveCfg = Release|Any CPU
		{C50F5507-3562-4B93-A014-8E74790B6AEE}.Release|Any CPU.Build.0 = Release|Any CPU
		{ACBEB16B-079D-4E6B-93CE-1AE2CA82E253}.Debug|Any CPU.ActiveCfg = Debug|Any CPU
		{ACBEB16B-079D-4E6B-93CE-1AE2CA82E253}.Debug|Any CPU.Build.0 = Debug|Any CPU
		{ACBEB16B-079D-4E6B-93CE-1AE2CA82E253}.Release|Any CPU.ActiveCfg = Release|Any CPU
		{ACBEB16B-079D-4E6B-93CE-1AE2CA82E253}.Release|Any CPU.Build.0 = Release|Any CPU
		{7A83B446-BDD4-4506-A88B-E1C369A2D1C0}.Debug|Any CPU.ActiveCfg = Debug|Any CPU
		{7A83B446-BDD4-4506-A88B-E1C369A2D1C0}.Debug|Any CPU.Build.0 = Debug|Any CPU
		{7A83B446-BDD4-4506-A88B-E1C369A2D1C0}.Release|Any CPU.ActiveCfg = Release|Any CPU
		{7A83B446-BDD4-4506-A88B-E1C369A2D1C0}.Release|Any CPU.Build.0 = Release|Any CPU
		{27498FF0-C82F-43D7-98FA-484FDF850CCB}.Debug|Any CPU.ActiveCfg = Debug|Any CPU
		{27498FF0-C82F-43D7-98FA-484FDF850CCB}.Debug|Any CPU.Build.0 = Debug|Any CPU
		{27498FF0-C82F-43D7-98FA-484FDF850CCB}.Release|Any CPU.ActiveCfg = Release|Any CPU
		{27498FF0-C82F-43D7-98FA-484FDF850CCB}.Release|Any CPU.Build.0 = Release|Any CPU
		{9688F81D-99EB-463C-B642-529D7FCCBED3}.Debug|Any CPU.ActiveCfg = Debug|Any CPU
		{9688F81D-99EB-463C-B642-529D7FCCBED3}.Debug|Any CPU.Build.0 = Debug|Any CPU
		{9688F81D-99EB-463C-B642-529D7FCCBED3}.Release|Any CPU.ActiveCfg = Release|Any CPU
		{9688F81D-99EB-463C-B642-529D7FCCBED3}.Release|Any CPU.Build.0 = Release|Any CPU
		{5FD850C4-AC26-4995-AF09-13E12E0062E5}.Debug|Any CPU.ActiveCfg = Debug|Any CPU
		{5FD850C4-AC26-4995-AF09-13E12E0062E5}.Debug|Any CPU.Build.0 = Debug|Any CPU
		{5FD850C4-AC26-4995-AF09-13E12E0062E5}.Release|Any CPU.ActiveCfg = Release|Any CPU
		{5FD850C4-AC26-4995-AF09-13E12E0062E5}.Release|Any CPU.Build.0 = Release|Any CPU
		{36B13B36-5E4B-4446-BE22-5F5922FA4CD6}.Debug|Any CPU.ActiveCfg = Debug|Any CPU
		{36B13B36-5E4B-4446-BE22-5F5922FA4CD6}.Debug|Any CPU.Build.0 = Debug|Any CPU
		{36B13B36-5E4B-4446-BE22-5F5922FA4CD6}.Release|Any CPU.ActiveCfg = Release|Any CPU
		{36B13B36-5E4B-4446-BE22-5F5922FA4CD6}.Release|Any CPU.Build.0 = Release|Any CPU
		{31764BB1-A38E-4DCA-AD11-02ECAA29985F}.Debug|Any CPU.ActiveCfg = Debug|Any CPU
		{31764BB1-A38E-4DCA-AD11-02ECAA29985F}.Debug|Any CPU.Build.0 = Debug|Any CPU
		{31764BB1-A38E-4DCA-AD11-02ECAA29985F}.Release|Any CPU.ActiveCfg = Release|Any CPU
		{31764BB1-A38E-4DCA-AD11-02ECAA29985F}.Release|Any CPU.Build.0 = Release|Any CPU
		{B17C7B8D-E383-4502-A602-D624DAB57A6F}.Debug|Any CPU.ActiveCfg = Debug|Any CPU
		{B17C7B8D-E383-4502-A602-D624DAB57A6F}.Debug|Any CPU.Build.0 = Debug|Any CPU
		{B17C7B8D-E383-4502-A602-D624DAB57A6F}.Release|Any CPU.ActiveCfg = Release|Any CPU
		{B17C7B8D-E383-4502-A602-D624DAB57A6F}.Release|Any CPU.Build.0 = Release|Any CPU
		{835A64C6-7D11-419C-B355-6EB9004EFEE9}.Debug|Any CPU.ActiveCfg = Debug|Any CPU
		{835A64C6-7D11-419C-B355-6EB9004EFEE9}.Debug|Any CPU.Build.0 = Debug|Any CPU
		{835A64C6-7D11-419C-B355-6EB9004EFEE9}.Release|Any CPU.ActiveCfg = Release|Any CPU
		{835A64C6-7D11-419C-B355-6EB9004EFEE9}.Release|Any CPU.Build.0 = Release|Any CPU
		{F3EAE325-BB4D-47DD-B201-C34B55FA1D36}.Debug|Any CPU.ActiveCfg = Debug|Any CPU
		{F3EAE325-BB4D-47DD-B201-C34B55FA1D36}.Debug|Any CPU.Build.0 = Debug|Any CPU
		{F3EAE325-BB4D-47DD-B201-C34B55FA1D36}.Release|Any CPU.ActiveCfg = Release|Any CPU
		{F3EAE325-BB4D-47DD-B201-C34B55FA1D36}.Release|Any CPU.Build.0 = Release|Any CPU
		{05757376-601A-453B-9A4B-6439ADD85CBA}.Debug|Any CPU.ActiveCfg = Debug|Any CPU
		{05757376-601A-453B-9A4B-6439ADD85CBA}.Debug|Any CPU.Build.0 = Debug|Any CPU
		{05757376-601A-453B-9A4B-6439ADD85CBA}.Release|Any CPU.ActiveCfg = Release|Any CPU
		{05757376-601A-453B-9A4B-6439ADD85CBA}.Release|Any CPU.Build.0 = Release|Any CPU
		{CD1B6778-4037-49FA-96EC-1AEE00DA8D5F}.Debug|Any CPU.ActiveCfg = Debug|Any CPU
		{CD1B6778-4037-49FA-96EC-1AEE00DA8D5F}.Debug|Any CPU.Build.0 = Debug|Any CPU
		{CD1B6778-4037-49FA-96EC-1AEE00DA8D5F}.Release|Any CPU.ActiveCfg = Release|Any CPU
		{CD1B6778-4037-49FA-96EC-1AEE00DA8D5F}.Release|Any CPU.Build.0 = Release|Any CPU
		{1CE1F621-28D9-49D3-8B0A-E75EBB1AC3A3}.Debug|Any CPU.ActiveCfg = Debug|Any CPU
		{1CE1F621-28D9-49D3-8B0A-E75EBB1AC3A3}.Debug|Any CPU.Build.0 = Debug|Any CPU
		{1CE1F621-28D9-49D3-8B0A-E75EBB1AC3A3}.Release|Any CPU.ActiveCfg = Release|Any CPU
		{1CE1F621-28D9-49D3-8B0A-E75EBB1AC3A3}.Release|Any CPU.Build.0 = Release|Any CPU
		{7B295308-43CE-4E46-87EF-514997ED82BF}.Debug|Any CPU.ActiveCfg = Debug|Any CPU
		{7B295308-43CE-4E46-87EF-514997ED82BF}.Debug|Any CPU.Build.0 = Debug|Any CPU
		{7B295308-43CE-4E46-87EF-514997ED82BF}.Release|Any CPU.ActiveCfg = Release|Any CPU
		{7B295308-43CE-4E46-87EF-514997ED82BF}.Release|Any CPU.Build.0 = Release|Any CPU
	EndGlobalSection
	GlobalSection(NestedProjects) = preSolution
		{E70DC6D6-E62E-4AE9-96D4-AD762510D7A0} = {7BEE66F8-B590-4CDD-B63E-F23E74E79D55}
		{C46F0243-C9D8-456E-88CE-B37700E8D8E8} = {BFC122E0-8C96-4467-8784-01E59D9F2E30}
		{C50F5507-3562-4B93-A014-8E74790B6AEE} = {7BEE66F8-B590-4CDD-B63E-F23E74E79D55}
		{ACBEB16B-079D-4E6B-93CE-1AE2CA82E253} = {7BEE66F8-B590-4CDD-B63E-F23E74E79D55}
		{7A83B446-BDD4-4506-A88B-E1C369A2D1C0} = {BFC122E0-8C96-4467-8784-01E59D9F2E30}
		{27498FF0-C82F-43D7-98FA-484FDF850CCB} = {1CAD7DFD-757C-4389-8487-BB0428820BAD}
		{9688F81D-99EB-463C-B642-529D7FCCBED3} = {1CAD7DFD-757C-4389-8487-BB0428820BAD}
		{5FD850C4-AC26-4995-AF09-13E12E0062E5} = {1CAD7DFD-757C-4389-8487-BB0428820BAD}
		{36B13B36-5E4B-4446-BE22-5F5922FA4CD6} = {BFC122E0-8C96-4467-8784-01E59D9F2E30}
		{31764BB1-A38E-4DCA-AD11-02ECAA29985F} = {7E8C4596-0773-4F2F-9E7E-F0490453834F}
		{B17C7B8D-E383-4502-A602-D624DAB57A6F} = {7E8C4596-0773-4F2F-9E7E-F0490453834F}
		{81B21577-C7A4-4C8D-B1B7-5371E440C48F} = {01099D58-8DF0-422D-B888-864A7EBC8A3A}
		{CD1B6778-4037-49FA-96EC-1AEE00DA8D5F} = {1CAD7DFD-757C-4389-8487-BB0428820BAD}
		{1CE1F621-28D9-49D3-8B0A-E75EBB1AC3A3} = {BFC122E0-8C96-4467-8784-01E59D9F2E30}
		{7B295308-43CE-4E46-87EF-514997ED82BF} = {5CB0B46A-7D27-4B45-9243-575A2546DF68}
	EndGlobalSection
EndGlobal
