
Microsoft Visual Studio Solution File, Format Version 12.00
Project("{FAE04EC0-301F-11D3-BF4B-00C04F79EFBC}") = "Bymse.Articles.AppHost", "Bymse.Articles\Bymse.Articles.AppHost\Bymse.Articles.AppHost.csproj", "{712F4820-C8C5-4A31-BC1E-A5D92A8253F3}"
EndProject
Project("{FAE04EC0-301F-11D3-BF4B-00C04F79EFBC}") = "Bymse.Articles.ServiceDefaults", "Bymse.Articles\Bymse.Articles.ServiceDefaults\Bymse.Articles.ServiceDefaults.csproj", "{7D9A7419-DC82-4672-9764-339C6F92B911}"
EndProject
Project("{FAE04EC0-301F-11D3-BF4B-00C04F79EFBC}") = "Bymse.Articles.ApiService", "Bymse.Articles\Bymse.Articles.ApiService\Bymse.Articles.ApiService.csproj", "{042BFDE9-2479-42E1-A573-45E55D903A88}"
EndProject
Project("{FAE04EC0-301F-11D3-BF4B-00C04F79EFBC}") = "Bymse.Articles.Web", "Bymse.Articles\Bymse.Articles.Web\Bymse.Articles.Web.csproj", "{49A252B7-FA52-4F15-B171-16C09D65E03A}"
EndProject
Project("{FAE04EC0-301F-11D3-BF4B-00C04F79EFBC}") = "Bymse.Articles.Tests", "Bymse.Articles\Bymse.Articles.Tests\Bymse.Articles.Tests.csproj", "{81B21577-C7A4-4C8D-B1B7-5371E440C48F}"
EndProject
Project("{2150E333-8FDC-42A3-9474-1A3956D46DE8}") = "Identity", "Identity", "{7BEE66F8-B590-4CDD-B63E-F23E74E79D55}"
EndProject
Project("{FAE04EC0-301F-11D3-BF4B-00C04F79EFBC}") = "Identity.Application", "Identity.Application\Identity.Application.csproj", "{E70DC6D6-E62E-4AE9-96D4-AD762510D7A0}"
EndProject
Project("{2150E333-8FDC-42A3-9474-1A3956D46DE8}") = "Shared", "Shared", "{BFC122E0-8C96-4467-8784-01E59D9F2E30}"
EndProject
Project("{FAE04EC0-301F-11D3-BF4B-00C04F79EFBC}") = "Application", "Application\Application.csproj", "{C46F0243-C9D8-456E-88CE-B37700E8D8E8}"
EndProject
Project("{FAE04EC0-301F-11D3-BF4B-00C04F79EFBC}") = "Identity.Infrastructure", "Identity.Infrastructure\Identity.Infrastructure.csproj", "{C50F5507-3562-4B93-A014-8E74790B6AEE}"
EndProject
Project("{FAE04EC0-301F-11D3-BF4B-00C04F79EFBC}") = "Identity.Integration", "Identity.Integration\Identity.Integration.csproj", "{ACBEB16B-079D-4E6B-93CE-1AE2CA82E253}"
EndProject
Global
	GlobalSection(SolutionConfigurationPlatforms) = preSolution
		Debug|Any CPU = Debug|Any CPU
		Release|Any CPU = Release|Any CPU
	EndGlobalSection
	GlobalSection(ProjectConfigurationPlatforms) = postSolution
		{712F4820-C8C5-4A31-BC1E-A5D92A8253F3}.Debug|Any CPU.ActiveCfg = Debug|Any CPU
		{712F4820-C8C5-4A31-BC1E-A5D92A8253F3}.Debug|Any CPU.Build.0 = Debug|Any CPU
		{712F4820-C8C5-4A31-BC1E-A5D92A8253F3}.Release|Any CPU.ActiveCfg = Release|Any CPU
		{712F4820-C8C5-4A31-BC1E-A5D92A8253F3}.Release|Any CPU.Build.0 = Release|Any CPU
		{7D9A7419-DC82-4672-9764-339C6F92B911}.Debug|Any CPU.ActiveCfg = Debug|Any CPU
		{7D9A7419-DC82-4672-9764-339C6F92B911}.Debug|Any CPU.Build.0 = Debug|Any CPU
		{7D9A7419-DC82-4672-9764-339C6F92B911}.Release|Any CPU.ActiveCfg = Release|Any CPU
		{7D9A7419-DC82-4672-9764-339C6F92B911}.Release|Any CPU.Build.0 = Release|Any CPU
		{042BFDE9-2479-42E1-A573-45E55D903A88}.Debug|Any CPU.ActiveCfg = Debug|Any CPU
		{042BFDE9-2479-42E1-A573-45E55D903A88}.Debug|Any CPU.Build.0 = Debug|Any CPU
		{042BFDE9-2479-42E1-A573-45E55D903A88}.Release|Any CPU.ActiveCfg = Release|Any CPU
		{042BFDE9-2479-42E1-A573-45E55D903A88}.Release|Any CPU.Build.0 = Release|Any CPU
		{49A252B7-FA52-4F15-B171-16C09D65E03A}.Debug|Any CPU.ActiveCfg = Debug|Any CPU
		{49A252B7-FA52-4F15-B171-16C09D65E03A}.Debug|Any CPU.Build.0 = Debug|Any CPU
		{49A252B7-FA52-4F15-B171-16C09D65E03A}.Release|Any CPU.ActiveCfg = Release|Any CPU
		{49A252B7-FA52-4F15-B171-16C09D65E03A}.Release|Any CPU.Build.0 = Release|Any CPU
		{81B21577-C7A4-4C8D-B1B7-5371E440C48F}.Debug|Any CPU.ActiveCfg = Debug|Any CPU
		{81B21577-C7A4-4C8D-B1B7-5371E440C48F}.Debug|Any CPU.Build.0 = Debug|Any CPU
		{81B21577-C7A4-4C8D-B1B7-5371E440C48F}.Release|Any CPU.ActiveCfg = Release|Any CPU
		{81B21577-C7A4-4C8D-B1B7-5371E440C48F}.Release|Any CPU.Build.0 = Release|Any CPU
		{E70DC6D6-E62E-4AE9-96D4-AD762510D7A0}.Debug|Any CPU.ActiveCfg = Debug|Any CPU
		{E70DC6D6-E62E-4AE9-96D4-AD762510D7A0}.Debug|Any CPU.Build.0 = Debug|Any CPU
		{E70DC6D6-E62E-4AE9-96D4-AD762510D7A0}.Release|Any CPU.ActiveCfg = Release|Any CPU
		{E70DC6D6-E62E-4AE9-96D4-AD762510D7A0}.Release|Any CPU.Build.0 = Release|Any CPU
		{C46F0243-C9D8-456E-88CE-B37700E8D8E8}.Debug|Any CPU.ActiveCfg = Debug|Any CPU
		{C46F0243-C9D8-456E-88CE-B37700E8D8E8}.Debug|Any CPU.Build.0 = Debug|Any CPU
		{C46F0243-C9D8-456E-88CE-B37700E8D8E8}.Release|Any CPU.ActiveCfg = Release|Any CPU
		{C46F0243-C9D8-456E-88CE-B37700E8D8E8}.Release|Any CPU.Build.0 = Release|Any CPU
		{C50F5507-3562-4B93-A014-8E74790B6AEE}.Debug|Any CPU.ActiveCfg = Debug|Any CPU
		{C50F5507-3562-4B93-A014-8E74790B6AEE}.Debug|Any CPU.Build.0 = Debug|Any CPU
		{C50F5507-3562-4B93-A014-8E74790B6AEE}.Release|Any CPU.ActiveCfg = Release|Any CPU
		{C50F5507-3562-4B93-A014-8E74790B6AEE}.Release|Any CPU.Build.0 = Release|Any CPU
		{ACBEB16B-079D-4E6B-93CE-1AE2CA82E253}.Debug|Any CPU.ActiveCfg = Debug|Any CPU
		{ACBEB16B-079D-4E6B-93CE-1AE2CA82E253}.Debug|Any CPU.Build.0 = Debug|Any CPU
		{ACBEB16B-079D-4E6B-93CE-1AE2CA82E253}.Release|Any CPU.ActiveCfg = Release|Any CPU
		{ACBEB16B-079D-4E6B-93CE-1AE2CA82E253}.Release|Any CPU.Build.0 = Release|Any CPU
	EndGlobalSection
	GlobalSection(NestedProjects) = preSolution
		{E70DC6D6-E62E-4AE9-96D4-AD762510D7A0} = {7BEE66F8-B590-4CDD-B63E-F23E74E79D55}
		{C46F0243-C9D8-456E-88CE-B37700E8D8E8} = {BFC122E0-8C96-4467-8784-01E59D9F2E30}
		{C50F5507-3562-4B93-A014-8E74790B6AEE} = {7BEE66F8-B590-4CDD-B63E-F23E74E79D55}
		{ACBEB16B-079D-4E6B-93CE-1AE2CA82E253} = {7BEE66F8-B590-4CDD-B63E-F23E74E79D55}
	EndGlobalSection
EndGlobal
